
Microsoft Visual Studio Solution File, Format Version 12.00
# Visual Studio Version 17
VisualStudioVersion = 17.0.31612.314
MinimumVisualStudioVersion = 10.0.40219.1
Project("{FAE04EC0-301F-11D3-BF4B-00C04F79EFBC}") = "WpfApp1", "WpfApp1.csproj", "{D22F956C-F4CD-473D-8FA7-B18383C16ACB}"
EndProject
Global
	GlobalSection(SolutionConfigurationPlatforms) = preSolution
		Debug|Any CPU = Debug|Any CPU
		Release|Any CPU = Release|Any CPU
	EndGlobalSection
	GlobalSection(ProjectConfigurationPlatforms) = postSolution
		{D22F956C-F4CD-473D-8FA7-B18383C16ACB}.Debug|Any CPU.ActiveCfg = Debug|Any CPU
		{D22F956C-F4CD-473D-8FA7-B18383C16ACB}.Debug|Any CPU.Build.0 = Debug|Any CPU
		{D22F956C-F4CD-473D-8FA7-B18383C16ACB}.Release|Any CPU.ActiveCfg = Release|Any CPU
		{D22F956C-F4CD-473D-8FA7-B18383C16ACB}.Release|Any CPU.Build.0 = Release|Any CPU
	EndGlobalSection
	GlobalSection(SolutionProperties) = preSolution
		HideSolutionNode = FALSE
	EndGlobalSection
	GlobalSection(ExtensibilityGlobals) = postSolution
		SolutionGuid = {898CF71E-DD61-4266-B4F1-2696934708F5}
	EndGlobalSection
EndGlobal
