
Microsoft Visual Studio Solution File, Format Version 12.00
# Visual Studio Version 17
VisualStudioVersion = 17.0.31612.314
MinimumVisualStudioVersion = 10.0.40219.1
Project("{FAE04EC0-301F-11D3-BF4B-00C04F79EFBC}") = "VegasScript", "VegasScript.csproj", "{396AB8FE-122A-4CE8-8426-28AB46006EA3}"
EndProject
Global
	GlobalSection(SolutionConfigurationPlatforms) = preSolution
		Debug|Any CPU = Debug|Any CPU
		Release|Any CPU = Release|Any CPU
	EndGlobalSection
	GlobalSection(ProjectConfigurationPlatforms) = postSolution
		{396AB8FE-122A-4CE8-8426-28AB46006EA3}.Debug|Any CPU.ActiveCfg = Debug|Any CPU
		{396AB8FE-122A-4CE8-8426-28AB46006EA3}.Debug|Any CPU.Build.0 = Debug|Any CPU
		{396AB8FE-122A-4CE8-8426-28AB46006EA3}.Release|Any CPU.ActiveCfg = Release|Any CPU
		{396AB8FE-122A-4CE8-8426-28AB46006EA3}.Release|Any CPU.Build.0 = Release|Any CPU
	EndGlobalSection
	GlobalSection(SolutionProperties) = preSolution
		HideSolutionNode = FALSE
	EndGlobalSection
	GlobalSection(ExtensibilityGlobals) = postSolution
		SolutionGuid = {1DAFF16D-1ED5-48CE-8043-4627F3E00817}
	EndGlobalSection
EndGlobal
