
Microsoft Visual Studio Solution File, Format Version 12.00
# Visual Studio Version 17
VisualStudioVersion = 17.0.31612.314
MinimumVisualStudioVersion = 10.0.40219.1
Project("{FAE04EC0-301F-11D3-BF4B-00C04F79EFBC}") = "VegasScript", "VegasScript.csproj", "{44003991-0768-476B-BAC1-420B572BE733}"
EndProject
Global
	GlobalSection(SolutionConfigurationPlatforms) = preSolution
		Debug|Any CPU = Debug|Any CPU
		Release|Any CPU = Release|Any CPU
	EndGlobalSection
	GlobalSection(ProjectConfigurationPlatforms) = postSolution
		{44003991-0768-476B-BAC1-420B572BE733}.Debug|Any CPU.ActiveCfg = Debug|Any CPU
		{44003991-0768-476B-BAC1-420B572BE733}.Debug|Any CPU.Build.0 = Debug|Any CPU
		{44003991-0768-476B-BAC1-420B572BE733}.Release|Any CPU.ActiveCfg = Release|Any CPU
		{44003991-0768-476B-BAC1-420B572BE733}.Release|Any CPU.Build.0 = Release|Any CPU
	EndGlobalSection
	GlobalSection(SolutionProperties) = preSolution
		HideSolutionNode = FALSE
	EndGlobalSection
	GlobalSection(ExtensibilityGlobals) = postSolution
		SolutionGuid = {1FA13B04-7416-40CE-8632-E15DC4E55FAC}
	EndGlobalSection
EndGlobal
